
Microsoft Visual Studio Solution File, Format Version 12.00
Project("{FAE04EC0-301F-11D3-BF4B-00C04F79EFBC}") = "测试项目", "测试项目\测试项目.csproj", "{74F91A1A-5071-47D5-A30C-D0A348A5E81F}"
EndProject
Global
	GlobalSection(SolutionConfigurationPlatforms) = preSolution
		Debug|Any CPU = Debug|Any CPU
		Release|Any CPU = Release|Any CPU
	EndGlobalSection
	GlobalSection(ProjectConfigurationPlatforms) = postSolution
		{74F91A1A-5071-47D5-A30C-D0A348A5E81F}.Debug|Any CPU.ActiveCfg = Debug|Any CPU
		{74F91A1A-5071-47D5-A30C-D0A348A5E81F}.Debug|Any CPU.Build.0 = Debug|Any CPU
		{74F91A1A-5071-47D5-A30C-D0A348A5E81F}.Release|Any CPU.ActiveCfg = Release|Any CPU
		{74F91A1A-5071-47D5-A30C-D0A348A5E81F}.Release|Any CPU.Build.0 = Release|Any CPU
	EndGlobalSection
EndGlobal
